{
  "name": "meiguang",
  "version": "1.0.0",
  "lockfileVersion": 1,
  "requires": true,
  "dependencies": {
    "@types/node": {
      "version": "10.5.1",
      "resolved": "https://registry.npmjs.org/@types/node/-/node-10.5.1.tgz",
      "integrity": "sha512-AFLl1IALIuyt6oK4AYZsgWVJ/5rnyzQWud7IebaZWWV3YmgtPZkQmYio9R5Ze/2pdd7XfqF5bP+hWS11mAKoOQ=="
    },
    "any-promise": {
      "version": "1.3.0",
      "resolved": "https://registry.npmjs.org/any-promise/-/any-promise-1.3.0.tgz",
      "integrity": "sha1-q8av7tzqUugJzcA3au0845Y10X8="
    },
    "bluebird": {
      "version": "3.5.1",
      "resolved": "https://registry.npmjs.org/bluebird/-/bluebird-3.5.1.tgz",
      "integrity": "sha512-MKiLiV+I1AA596t9w1sQJ8jkiSr5+ZKi0WKrYGUn6d1Fx+Ij4tIj+m2WMQSGczs5jZVxV339chE8iwk6F64wjA=="
    },
    "body-parser": {
      "version": "1.18.3",
      "resolved": "https://registry.npmjs.org/body-parser/-/body-parser-1.18.3.tgz",
      "integrity": "sha1-WykhmP/dVTs6DyDe0FkrlWlVyLQ="
    },
    "cls-bluebird": {
      "version": "2.1.0",
      "resolved": "https://registry.npmjs.org/cls-bluebird/-/cls-bluebird-2.1.0.tgz",
      "integrity": "sha1-N+8eCAqP+1XC9BZPU28ZGeeWiu4="
    },
    "dottie": {
      "version": "2.0.0",
      "resolved": "https://registry.npmjs.org/dottie/-/dottie-2.0.0.tgz",
      "integrity": "sha1-2hkZgci41xPKARXViYzzl8Lw3dA="
    },
    "express": {
      "version": "4.16.3",
      "resolved": "https://registry.npmjs.org/express/-/express-4.16.3.tgz",
      "integrity": "sha1-avilAjUNsyRuzEvs9rWjTSL37VM=",
      "dependencies": {
        "body-parser": {
          "version": "1.18.2",
          "resolved": "https://registry.npmjs.org/body-parser/-/body-parser-1.18.2.tgz",
          "integrity": "sha1-h2eKGdhLR9hZuDGZvVm84iKxBFQ="
        },
        "iconv-lite": {
          "version": "0.4.19",
          "resolved": "https://registry.npmjs.org/iconv-lite/-/iconv-lite-0.4.19.tgz",
          "integrity": "sha512-oTZqweIP51xaGPI4uPa56/Pri/480R+mo7SeU+YETByQNhDG55ycFyNLIgta9vXhILrxXDmF7ZGhqZIcuN0gJQ=="
        },
        "qs": {
          "version": "6.5.1",
          "resolved": "https://registry.npmjs.org/qs/-/qs-6.5.1.tgz",
          "integrity": "sha512-eRzhrN1WSINYCDCbrz796z37LOe3m5tmW7RQf6oBntukAG1nmovJvhnwHHRMAfeoItc1m2Hk02WER2aQ/iqs+A=="
        },
        "raw-body": {
          "version": "2.3.2",
          "resolved": "https://registry.npmjs.org/raw-body/-/raw-body-2.3.2.tgz",
          "integrity": "sha1-vNYMd9Prk83gBQKVw/N5OJvIj4k=",
          "dependencies": {
            "depd": {
              "version": "1.1.1",
              "resolved": "https://registry.npmjs.org/depd/-/depd-1.1.1.tgz",
              "integrity": "sha1-V4O04cRZ8G+lyif5kfPQbnoxA1k="
            },
            "http-errors": {
              "version": "1.6.2",
              "resolved": "https://registry.npmjs.org/http-errors/-/http-errors-1.6.2.tgz",
              "integrity": "sha1-CgAsyFcHGSp+eUbO7cERVfYOxzY="
            },
            "setprototypeof": {
              "version": "1.0.3",
              "resolved": "https://registry.npmjs.org/setprototypeof/-/setprototypeof-1.0.3.tgz",
              "integrity": "sha1-ZlZ+NwQ+608E2RvWWMDL77VbjgQ="
            }
          }
        },
        "statuses": {
          "version": "1.4.0",
          "resolved": "https://registry.npmjs.org/statuses/-/statuses-1.4.0.tgz",
          "integrity": "sha512-zhSCtt8v2NDrRlPQpCNtw/heZLtfUDqxBM1udqikb/Hbk52LK4nQSwr10u77iopCW5LsyHpuXS0GnEc48mLeew=="
        }
      }
    },
    "fa": {
      "version": "1.0.1",
      "resolved": "https://registry.npmjs.org/fa/-/fa-1.0.1.tgz",
      "integrity": "sha1-9xmmISDIFJWY1vUZStVXRv+/jr8="
    },
    "inflection": {
      "version": "1.12.0",
      "resolved": "https://registry.npmjs.org/inflection/-/inflection-1.12.0.tgz",
      "integrity": "sha1-ogCTVlbW9fa8TcdQLhrstwMihBY="
    },
    "jimp": {
      "version": "0.2.28",
      "resolved": "https://registry.npmjs.org/jimp/-/jimp-0.2.28.tgz",
      "integrity": "sha1-3VKak3GQ9ClXp5N9Gsw6d2KZbqI="
    },
    "moment-timezone": {
      "version": "0.5.21",
      "resolved": "https://registry.npmjs.org/moment-timezone/-/moment-timezone-0.5.21.tgz",
      "integrity": "sha512-j96bAh4otsgj3lKydm3K7kdtA3iKf2m6MY2iSYCzCm5a1zmHo1g+aK3068dDEeocLZQIS9kU8bsdQHLqEvgW0A=="
    },
    "mysql": {
      "version": "2.15.0",
      "resolved": "https://registry.npmjs.org/mysql/-/mysql-2.15.0.tgz",
      "integrity": "sha512-C7tjzWtbN5nzkLIV+E8Crnl9bFyc7d3XJcBAvHKEVkjrYjogz3llo22q6s/hw+UcsE4/844pDob9ac+3dVjQSA==",
      "dependencies": {
        "bignumber.js": {
          "version": "4.0.4",
          "resolved": "https://registry.npmjs.org/bignumber.js/-/bignumber.js-4.0.4.tgz",
          "integrity": "sha512-LDXpJKVzEx2/OqNbG9mXBNvHuiRL4PzHCGfnANHMJ+fv68Ads3exDVJeGDJws+AoNEuca93bU3q+S0woeUaCdg=="
        }
      }
    },
    "mysql2": {
      "version": "1.5.3",
      "resolved": "https://registry.npmjs.org/mysql2/-/mysql2-1.5.3.tgz",
      "integrity": "sha512-Oov36YQSeciNP9SeqE7je4eWgeGADOorXLmsqhtxOJmPGUOJSNJT0s6/eq1Byy4nhXTRQUvlMHsI4Q/eMEs88Q==",
      "dependencies": {
        "process-nextick-args": {
          "version": "2.0.0",
          "resolved": "https://registry.npmjs.org/process-nextick-args/-/process-nextick-args-2.0.0.tgz",
          "integrity": "sha512-MtEC1TqN0EU5nephaJ4rAtThHtC86dNN9qCuEhtshvpVBkAW5ZO7BASN9REnF9eoXGcRub+pFuKEpOHE+HbEMw=="
        },
        "readable-stream": {
          "version": "2.3.5",
          "resolved": "https://registry.npmjs.org/readable-stream/-/readable-stream-2.3.5.tgz",
          "integrity": "sha512-tK0yDhrkygt/knjowCUiWP9YdV7c5R+8cR0r/kt9ZhBU906Fs6RpQJCEilamRJj1Nx2rWI6LkW9gKqjTkshhEw=="
        },
        "sqlstring": {
          "version": "2.3.1",
          "resolved": "https://registry.npmjs.org/sqlstring/-/sqlstring-2.3.1.tgz",
          "integrity": "sha1-R1OT/56RR5rqYtyvDKPRSYOn+0A="
        }
      }
    },
    "node-cron": {
      "version": "1.2.1",
      "resolved": "https://registry.npmjs.org/node-cron/-/node-cron-1.2.1.tgz",
      "integrity": "sha1-jJC8XccjpWKJsHhmVatKHEy2A2g="
    },
    "path": {
      "version": "0.12.7",
      "resolved": "https://registry.npmjs.org/path/-/path-0.12.7.tgz",
      "integrity": "sha1-1NwqUGxM4hl+tIHr/NWzbAFAsQ8=",
      "dependencies": {
        "process": {
          "version": "0.11.10",
          "resolved": "https://registry.npmjs.org/process/-/process-0.11.10.tgz",
          "integrity": "sha1-czIwDoQBYb2j5podHZGn1LwW8YI="
        }
      }
    },
    "qr-image": {
      "version": "3.2.0",
      "resolved": "https://registry.npmjs.org/qr-image/-/qr-image-3.2.0.tgz",
      "integrity": "sha1-n6gpW+rlDEoUnPn5CaHbRkqGcug="
    },
    "request": {
      "version": "2.87.0",
      "resolved": "https://registry.npmjs.org/request/-/request-2.87.0.tgz",
      "integrity": "sha512-fcogkm7Az5bsS6Sl0sibkbhcKsnyon/jV1kF3ajGmF0c8HrttdKTPRT9hieOaQHA5HEq6r8OyWOo/o781C1tNw=="
    },
    "sequelize": {
      "version": "5.15.1",
      "resolved": "https://registry.npmjs.org/sequelize/-/sequelize-5.15.1.tgz",
      "integrity": "sha512-DCzzJYvJLMKnyf8G3at2A+yM9M2fSQmTmuOYIpCWM8Gjqx3XfgNTd1NkuyPWFoi1/d1AXQsN2VDPXkPczida8A==",
      "requires": {
        "bluebird": "^3.5.0",
        "cls-bluebird": "^2.1.0",
        "debug": "^4.1.1",
        "dottie": "^2.0.0",
        "inflection": "1.12.0",
        "lodash": "^4.17.11",
        "moment": "^2.24.0",
        "moment-timezone": "^0.5.21",
        "retry-as-promised": "^3.1.0",
        "semver": "^6.1.1",
        "sequelize-pool": "^2.3.0",
        "toposort-class": "^1.0.1",
        "uuid": "^3.2.1",
        "validator": "^10.11.0",
        "wkx": "^0.4.6"
      },
      "dependencies": {
        "debug": {
          "version": "4.1.1",
          "resolved": "https://registry.npmjs.org/debug/-/debug-4.1.1.tgz",
          "integrity": "sha512-pYAIzeRo8J6KPEaJ0VWOh5Pzkbw/RetuzehGM7QRRX5he4fPHx2rdKMB256ehJCkX+XRQm16eZLqLNS8RSZXZw==",
          "requires": {
            "ms": "^2.1.1"
          }
        },
        "lodash": {
          "version": "4.17.15",
          "resolved": "https://registry.npmjs.org/lodash/-/lodash-4.17.15.tgz",
          "integrity": "sha512-8xOcRHvCjnocdS5cpwXQXVzmmh5e5+saE2QGoeQmbKmRS6J3VQppPOIt0MnmE+4xlZoumy0GPG0D0MVIQbNA1A=="
        },
        "moment": {
          "version": "2.24.0",
          "resolved": "https://registry.npmjs.org/moment/-/moment-2.24.0.tgz",
          "integrity": "sha512-bV7f+6l2QigeBBZSM/6yTNq4P2fNpSWj/0e7jQcy87A8e7o2nAfP/34/2ky5Vw4B9S446EtIhodAzkFCcR4dQg=="
        },
        "ms": {
          "version": "2.1.2",
          "resolved": "https://registry.npmjs.org/ms/-/ms-2.1.2.tgz",
          "integrity": "sha512-sGkPx+VjMtmA6MX27oA4FBFELFCZZ4S4XqeGOXCv68tT+jb3vk/RyaKWP0PTKyWtmLSM0b+adUTEvbs1PEaH2w=="
        },
        "retry-as-promised": {
          "version": "3.2.0",
          "resolved": "https://registry.npmjs.org/retry-as-promised/-/retry-as-promised-3.2.0.tgz",
          "integrity": "sha512-CybGs60B7oYU/qSQ6kuaFmRd9sTZ6oXSc0toqePvV74Ac6/IFZSI1ReFQmtCN+uvW1Mtqdwpvt/LGOiCBAY2Mg==",
          "requires": {
            "any-promise": "^1.3.0"
          }
        },
        "semver": {
          "version": "6.3.0",
          "resolved": "https://registry.npmjs.org/semver/-/semver-6.3.0.tgz",
          "integrity": "sha512-b39TBaTSfV6yBrapU89p5fKekE2m/NwnDocOVruQFS1/veMgdzuPcnOM34M6CwxW8jH/lxEa5rBoDeUwu5HHTw=="
        },
        "validator": {
          "version": "10.11.0",
          "resolved": "https://registry.npmjs.org/validator/-/validator-10.11.0.tgz",
          "integrity": "sha512-X/p3UZerAIsbBfN/IwahhYaBbY68EN/UQBWHtsbXGT5bfrH/p4NQzUCG1kF/rtKaNpnJ7jAu6NGTdSNtyNIXMw=="
        },
        "wkx": {
          "version": "0.4.8",
          "resolved": "https://registry.npmjs.org/wkx/-/wkx-0.4.8.tgz",
          "integrity": "sha512-ikPXMM9IR/gy/LwiOSqWlSL3X/J5uk9EO2hHNRXS41eTLXaUFEVw9fn/593jW/tE5tedNg8YjT5HkCa4FqQZyQ==",
          "requires": {
            "@types/node": "*"
          }
        }
      }
    },
    "sequelize-pool": {
      "version": "2.3.0",
      "resolved": "https://registry.npmjs.org/sequelize-pool/-/sequelize-pool-2.3.0.tgz",
      "integrity": "sha512-Ibz08vnXvkZ8LJTiUOxRcj1Ckdn7qafNZ2t59jYHMX1VIebTAOYefWdRYFt6z6+hy52WGthAHAoLc9hvk3onqA=="
    },
    "toposort-class": {
      "version": "1.0.1",
      "resolved": "https://registry.npmjs.org/toposort-class/-/toposort-class-1.0.1.tgz",
      "integrity": "sha1-f/0feMi+KMO6Rc1OGj9e4ZO9mYg="
    },
    "uuid": {
      "version": "3.3.2",
      "resolved": "https://registry.npmjs.org/uuid/-/uuid-3.3.2.tgz",
      "integrity": "sha512-yXJmeNaw3DnnKAOKJE51sL/ZaYfWJRl1pK9dr19YFCu0ObS231AB1/LbqTKRAQ5kw8A90rA6fr4riOUpTZvQZA=="
    },
    "webshot": {
      "version": "0.18.0",
      "resolved": "https://registry.npmjs.org/webshot/-/webshot-0.18.0.tgz",
      "integrity": "sha1-BX5pJbw5cK6X7tVvwjEYV4y8/cM="
    }
  }
}
